github.com/tdewolff/parse/v2 v2.5.11 h1:Wq0x026IKZh9GPUB5Fp+v5bki/SNmpIkdltcnm6HrO0=
github.com/tdewolff/parse/v2 v2.5.11/go.mod h1:WzaJpRSbwq++EIQHYIRTpbYKNA3gn9it1Ik++q4zyho=
github.com/tdewolff/parse/v2 v2.5.14 h1:ftdD54vkOeLZ7VkEZxp+wZrYZyyPi43GGon5GwBTRUI=
github.com/tdewolff/parse/v2 v2.5.14/go.mod h1:WzaJpRSbwq++EIQHYIRTpbYKNA3gn9it1Ik++q4zyho=
github.com/tdewolff/test v1.0.6 h1:76mzYJQ83Op284kMT+63iCNCI7NEERsIN8dLM+RiKr4=
github.com/tdewolff/test v1.0.6/go.mod h1:6DAvZliBAAnD7rhVgwaM7DE5/d9NMOAJ09SqYqeK4QE=
